// !$*UTF8*$!
{
	archiveVersion = 1;
	classes = {
	};
	objectVersion = 46;
	objects = {

/* Begin PBXBuildFile section */
		956276891E36BA87008C2D2F /* Signal.swift in Sources */ = {isa = PBXBuildFile; fileRef = 956276881E36BA87008C2D2F /* Signal.swift */; };
		9562768B1E36D352008C2D2F /* SignalTests.swift in Sources */ = {isa = PBXBuildFile; fileRef = 9562768A1E36D352008C2D2F /* SignalTests.swift */; };
		956A86EE1E36B24100E2B6D7 /* fut.framework in Frameworks */ = {isa = PBXBuildFile; fileRef = 956A86E41E36B24000E2B6D7 /* fut.framework */; };
		956A86F51E36B24100E2B6D7 /* fut.h in Headers */ = {isa = PBXBuildFile; fileRef = 956A86E71E36B24000E2B6D7 /* fut.h */; settings = {ATTRIBUTES = (Public, ); }; };
		9571C5DF1E36B84C009601C0 /* Synchronized.swift in Sources */ = {isa = PBXBuildFile; fileRef = 9571C5DE1E36B84C009601C0 /* Synchronized.swift */; };
		95B34FF21E3821B800C53AC4 /* Future.swift in Sources */ = {isa = PBXBuildFile; fileRef = 95B34FF11E3821B800C53AC4 /* Future.swift */; };
		95B34FF41E3915EB00C53AC4 /* Listener.swift in Sources */ = {isa = PBXBuildFile; fileRef = 95B34FF31E3915EB00C53AC4 /* Listener.swift */; };
		95B34FF61E391D6E00C53AC4 /* ListenerTests.swift in Sources */ = {isa = PBXBuildFile; fileRef = 95B34FF51E391D6E00C53AC4 /* ListenerTests.swift */; };
		95B34FF81E396D5100C53AC4 /* FutureTests.swift in Sources */ = {isa = PBXBuildFile; fileRef = 95B34FF71E396D5100C53AC4 /* FutureTests.swift */; };
/* End PBXBuildFile section */

/* Begin PBXContainerItemProxy section */
		956A86EF1E36B24100E2B6D7 /* PBXContainerItemProxy */ = {
			isa = PBXContainerItemProxy;
			containerPortal = 956A86DB1E36B24000E2B6D7 /* Project object */;
			proxyType = 1;
			remoteGlobalIDString = 956A86E31E36B24000E2B6D7;
			remoteInfo = defer;
		};
/* End PBXContainerItemProxy section */

/* Begin PBXFileReference section */
		956276881E36BA87008C2D2F /* Signal.swift */ = {isa = PBXFileReference; fileEncoding = 4; lastKnownFileType = sourcecode.swift; name = Signal.swift; path = Source/Signal.swift; sourceTree = SOURCE_ROOT; };
		9562768A1E36D352008C2D2F /* SignalTests.swift */ = {isa = PBXFileReference; fileEncoding = 4; lastKnownFileType = sourcecode.swift; name = SignalTests.swift; path = Tests/SignalTests.swift; sourceTree = SOURCE_ROOT; };
		956A86E41E36B24000E2B6D7 /* fut.framework */ = {isa = PBXFileReference; explicitFileType = wrapper.framework; includeInIndex = 0; path = fut.framework; sourceTree = BUILT_PRODUCTS_DIR; };
		956A86E71E36B24000E2B6D7 /* fut.h */ = {isa = PBXFileReference; lastKnownFileType = sourcecode.c.h; path = fut.h; sourceTree = "<group>"; };
		956A86ED1E36B24100E2B6D7 /* futTests.xctest */ = {isa = PBXFileReference; explicitFileType = wrapper.cfbundle; includeInIndex = 0; path = futTests.xctest; sourceTree = BUILT_PRODUCTS_DIR; };
		9571C5D51E36B3F2009601C0 /* Info.plist */ = {isa = PBXFileReference; fileEncoding = 4; lastKnownFileType = text.plist.xml; name = Info.plist; path = Source/Info.plist; sourceTree = SOURCE_ROOT; };
		9571C5D81E36B3FC009601C0 /* Info.plist */ = {isa = PBXFileReference; fileEncoding = 4; lastKnownFileType = text.plist.xml; name = Info.plist; path = Tests/Info.plist; sourceTree = SOURCE_ROOT; };
		9571C5DB1E36B46F009601C0 /* Package.swift */ = {isa = PBXFileReference; fileEncoding = 4; lastKnownFileType = sourcecode.swift; path = Package.swift; sourceTree = "<group>"; };
		9571C5DE1E36B84C009601C0 /* Synchronized.swift */ = {isa = PBXFileReference; fileEncoding = 4; lastKnownFileType = sourcecode.swift; name = Synchronized.swift; path = Source/Synchronized.swift; sourceTree = SOURCE_ROOT; };
		95B34FF11E3821B800C53AC4 /* Future.swift */ = {isa = PBXFileReference; fileEncoding = 4; lastKnownFileType = sourcecode.swift; name = Future.swift; path = Source/Future.swift; sourceTree = SOURCE_ROOT; };
		95B34FF31E3915EB00C53AC4 /* Listener.swift */ = {isa = PBXFileReference; fileEncoding = 4; lastKnownFileType = sourcecode.swift; name = Listener.swift; path = Source/Listener.swift; sourceTree = SOURCE_ROOT; };
		95B34FF51E391D6E00C53AC4 /* ListenerTests.swift */ = {isa = PBXFileReference; fileEncoding = 4; lastKnownFileType = sourcecode.swift; name = ListenerTests.swift; path = Tests/ListenerTests.swift; sourceTree = SOURCE_ROOT; };
		95B34FF71E396D5100C53AC4 /* FutureTests.swift */ = {isa = PBXFileReference; fileEncoding = 4; lastKnownFileType = sourcecode.swift; name = FutureTests.swift; path = Tests/FutureTests.swift; sourceTree = SOURCE_ROOT; };
/* End PBXFileReference section */

/* Begin PBXFrameworksBuildPhase section */
		956A86E01E36B24000E2B6D7 /* Frameworks */ = {
			isa = PBXFrameworksBuildPhase;
			buildActionMask = 2147483647;
			files = (
			);
			runOnlyForDeploymentPostprocessing = 0;
		};
		956A86EA1E36B24100E2B6D7 /* Frameworks */ = {
			isa = PBXFrameworksBuildPhase;
			buildActionMask = 2147483647;
			files = (
				956A86EE1E36B24100E2B6D7 /* fut.framework in Frameworks */,
			);
			runOnlyForDeploymentPostprocessing = 0;
		};
/* End PBXFrameworksBuildPhase section */

/* Begin PBXGroup section */
		956A86DA1E36B24000E2B6D7 = {
			isa = PBXGroup;
			children = (
				956A86E61E36B24000E2B6D7 /* Source */,
				956A86F11E36B24100E2B6D7 /* Tests */,
				956A86E71E36B24000E2B6D7 /* fut.h */,
				9571C5DB1E36B46F009601C0 /* Package.swift */,
				956A86E51E36B24000E2B6D7 /* Products */,
			);
			sourceTree = "<group>";
		};
		956A86E51E36B24000E2B6D7 /* Products */ = {
			isa = PBXGroup;
			children = (
				956A86E41E36B24000E2B6D7 /* fut.framework */,
				956A86ED1E36B24100E2B6D7 /* futTests.xctest */,
			);
			name = Products;
			sourceTree = "<group>";
		};
		956A86E61E36B24000E2B6D7 /* Source */ = {
			isa = PBXGroup;
			children = (
				95B34FF11E3821B800C53AC4 /* Future.swift */,
				95B34FF31E3915EB00C53AC4 /* Listener.swift */,
				956276881E36BA87008C2D2F /* Signal.swift */,
				9571C5DE1E36B84C009601C0 /* Synchronized.swift */,
				9571C5D51E36B3F2009601C0 /* Info.plist */,
			);
			name = Source;
			path = defer;
			sourceTree = "<group>";
		};
		956A86F11E36B24100E2B6D7 /* Tests */ = {
			isa = PBXGroup;
			children = (
				95B34FF71E396D5100C53AC4 /* FutureTests.swift */,
				95B34FF51E391D6E00C53AC4 /* ListenerTests.swift */,
				9562768A1E36D352008C2D2F /* SignalTests.swift */,
				9571C5D81E36B3FC009601C0 /* Info.plist */,
			);
			name = Tests;
			path = deferTests;
			sourceTree = SOURCE_ROOT;
		};
/* End PBXGroup section */

/* Begin PBXHeadersBuildPhase section */
		956A86E11E36B24000E2B6D7 /* Headers */ = {
			isa = PBXHeadersBuildPhase;
			buildActionMask = 2147483647;
			files = (
				956A86F51E36B24100E2B6D7 /* fut.h in Headers */,
			);
			runOnlyForDeploymentPostprocessing = 0;
		};
/* End PBXHeadersBuildPhase section */

/* Begin PBXNativeTarget section */
		956A86E31E36B24000E2B6D7 /* fut */ = {
			isa = PBXNativeTarget;
			buildConfigurationList = 956A86F81E36B24100E2B6D7 /* Build configuration list for PBXNativeTarget "fut" */;
			buildPhases = (
				956A86DF1E36B24000E2B6D7 /* Sources */,
				956A86E01E36B24000E2B6D7 /* Frameworks */,
				956A86E11E36B24000E2B6D7 /* Headers */,
				956A86E21E36B24000E2B6D7 /* Resources */,
			);
			buildRules = (
			);
			dependencies = (
			);
			name = fut;
			productName = defer;
			productReference = 956A86E41E36B24000E2B6D7 /* fut.framework */;
			productType = "com.apple.product-type.framework";
		};
		956A86EC1E36B24100E2B6D7 /* futTests */ = {
			isa = PBXNativeTarget;
			buildConfigurationList = 956A86FB1E36B24100E2B6D7 /* Build configuration list for PBXNativeTarget "futTests" */;
			buildPhases = (
				956A86E91E36B24100E2B6D7 /* Sources */,
				956A86EA1E36B24100E2B6D7 /* Frameworks */,
				956A86EB1E36B24100E2B6D7 /* Resources */,
			);
			buildRules = (
			);
			dependencies = (
				956A86F01E36B24100E2B6D7 /* PBXTargetDependency */,
			);
			name = futTests;
			productName = deferTests;
			productReference = 956A86ED1E36B24100E2B6D7 /* futTests.xctest */;
			productType = "com.apple.product-type.bundle.unit-test";
		};
/* End PBXNativeTarget section */

/* Begin PBXProject section */
		956A86DB1E36B24000E2B6D7 /* Project object */ = {
			isa = PBXProject;
			attributes = {
				LastSwiftUpdateCheck = 0820;
				LastUpgradeCheck = 0820;
				ORGANIZATIONNAME = nkim;
				TargetAttributes = {
					956A86E31E36B24000E2B6D7 = {
						CreatedOnToolsVersion = 8.2.1;
						LastSwiftMigration = 0820;
						ProvisioningStyle = Automatic;
					};
					956A86EC1E36B24100E2B6D7 = {
						CreatedOnToolsVersion = 8.2.1;
						ProvisioningStyle = Automatic;
					};
				};
			};
			buildConfigurationList = 956A86DE1E36B24000E2B6D7 /* Build configuration list for PBXProject "fut" */;
			compatibilityVersion = "Xcode 3.2";
			developmentRegion = English;
			hasScannedForEncodings = 0;
			knownRegions = (
				en,
			);
			mainGroup = 956A86DA1E36B24000E2B6D7;
			productRefGroup = 956A86E51E36B24000E2B6D7 /* Products */;
			projectDirPath = "";
			projectRoot = "";
			targets = (
				956A86E31E36B24000E2B6D7 /* fut */,
				956A86EC1E36B24100E2B6D7 /* futTests */,
			);
		};
/* End PBXProject section */

/* Begin PBXResourcesBuildPhase section */
		956A86E21E36B24000E2B6D7 /* Resources */ = {
			isa = PBXResourcesBuildPhase;
			buildActionMask = 2147483647;
			files = (
			);
			runOnlyForDeploymentPostprocessing = 0;
		};
		956A86EB1E36B24100E2B6D7 /* Resources */ = {
			isa = PBXResourcesBuildPhase;
			buildActionMask = 2147483647;
			files = (
			);
			runOnlyForDeploymentPostprocessing = 0;
		};
/* End PBXResourcesBuildPhase section */

/* Begin PBXSourcesBuildPhase section */
		956A86DF1E36B24000E2B6D7 /* Sources */ = {
			isa = PBXSourcesBuildPhase;
			buildActionMask = 2147483647;
			files = (
				9571C5DF1E36B84C009601C0 /* Synchronized.swift in Sources */,
				95B34FF21E3821B800C53AC4 /* Future.swift in Sources */,
				956276891E36BA87008C2D2F /* Signal.swift in Sources */,
				95B34FF41E3915EB00C53AC4 /* Listener.swift in Sources */,
			);
			runOnlyForDeploymentPostprocessing = 0;
		};
		956A86E91E36B24100E2B6D7 /* Sources */ = {
			isa = PBXSourcesBuildPhase;
			buildActionMask = 2147483647;
			files = (
				9562768B1E36D352008C2D2F /* SignalTests.swift in Sources */,
				95B34FF61E391D6E00C53AC4 /* ListenerTests.swift in Sources */,
				95B34FF81E396D5100C53AC4 /* FutureTests.swift in Sources */,
			);
			runOnlyForDeploymentPostprocessing = 0;
		};
/* End PBXSourcesBuildPhase section */

/* Begin PBXTargetDependency section */
		956A86F01E36B24100E2B6D7 /* PBXTargetDependency */ = {
			isa = PBXTargetDependency;
			target = 956A86E31E36B24000E2B6D7 /* fut */;
			targetProxy = 956A86EF1E36B24100E2B6D7 /* PBXContainerItemProxy */;
		};
/* End PBXTargetDependency section */

/* Begin XCBuildConfiguration section */
		956A86F61E36B24100E2B6D7 /* Debug */ = {
			isa = XCBuildConfiguration;
			buildSettings = {
				ALWAYS_SEARCH_USER_PATHS = NO;
				CLANG_ANALYZER_NONNULL = YES;
				CLANG_CXX_LANGUAGE_STANDARD = "gnu++0x";
				CLANG_CXX_LIBRARY = "libc++";
				CLANG_ENABLE_MODULES = YES;
				CLANG_ENABLE_OBJC_ARC = YES;
				CLANG_WARN_BOOL_CONVERSION = YES;
				CLANG_WARN_CONSTANT_CONVERSION = YES;
				CLANG_WARN_DIRECT_OBJC_ISA_USAGE = YES_ERROR;
				CLANG_WARN_DOCUMENTATION_COMMENTS = YES;
				CLANG_WARN_EMPTY_BODY = YES;
				CLANG_WARN_ENUM_CONVERSION = YES;
				CLANG_WARN_INFINITE_RECURSION = YES;
				CLANG_WARN_INT_CONVERSION = YES;
				CLANG_WARN_OBJC_ROOT_CLASS = YES_ERROR;
				CLANG_WARN_SUSPICIOUS_MOVE = YES;
				CLANG_WARN_UNREACHABLE_CODE = YES;
				CLANG_WARN__DUPLICATE_METHOD_MATCH = YES;
				"CODE_SIGN_IDENTITY[sdk=iphoneos*]" = "iPhone Developer";
				COPY_PHASE_STRIP = NO;
				CURRENT_PROJECT_VERSION = 1;
				DEBUG_INFORMATION_FORMAT = dwarf;
				ENABLE_STRICT_OBJC_MSGSEND = YES;
				ENABLE_TESTABILITY = YES;
				FRAMEWORK_SEARCH_PATHS = (
					"$(SDKROOT)",
					"$(inherited)",
				);
				GCC_C_LANGUAGE_STANDARD = gnu99;
				GCC_DYNAMIC_NO_PIC = NO;
				GCC_NO_COMMON_BLOCKS = YES;
				GCC_OPTIMIZATION_LEVEL = 0;
				GCC_PREPROCESSOR_DEFINITIONS = (
					"DEBUG=1",
					"$(inherited)",
				);
				GCC_WARN_64_TO_32_BIT_CONVERSION = YES;
				GCC_WARN_ABOUT_RETURN_TYPE = YES_ERROR;
				GCC_WARN_UNDECLARED_SELECTOR = YES;
				GCC_WARN_UNINITIALIZED_AUTOS = YES_AGGRESSIVE;
				GCC_WARN_UNUSED_FUNCTION = YES;
				GCC_WARN_UNUSED_VARIABLE = YES;
				IPHONEOS_DEPLOYMENT_TARGET = 10.2;
				LD_RUNPATH_SEARCH_PATHS = "$(inherited) @executable_path/Frameworks @loader_path/Frameworks @executable_path/../Frameworks @loader_path/../Frameworks";
				MTL_ENABLE_DEBUG_INFO = YES;
				ONLY_ACTIVE_ARCH = YES;
				SDKROOT = iphoneos;
				SUPPORTED_PLATFORMS = "macosx iphoneos iphonesimulator";
				SWIFT_ACTIVE_COMPILATION_CONDITIONS = DEBUG;
				SWIFT_OPTIMIZATION_LEVEL = "-Onone";
				TARGETED_DEVICE_FAMILY = "1,2";
				VALID_ARCHS = "arm64 armv7 armv7s i386 x86_64";
				VERSIONING_SYSTEM = "apple-generic";
				VERSION_INFO_PREFIX = "";
			};
			name = Debug;
		};
		956A86F71E36B24100E2B6D7 /* Release */ = {
			isa = XCBuildConfiguration;
			buildSettings = {
				ALWAYS_SEARCH_USER_PATHS = NO;
				CLANG_ANALYZER_NONNULL = YES;
				CLANG_CXX_LANGUAGE_STANDARD = "gnu++0x";
				CLANG_CXX_LIBRARY = "libc++";
				CLANG_ENABLE_MODULES = YES;
				CLANG_ENABLE_OBJC_ARC = YES;
				CLANG_WARN_BOOL_CONVERSION = YES;
				CLANG_WARN_CONSTANT_CONVERSION = YES;
				CLANG_WARN_DIRECT_OBJC_ISA_USAGE = YES_ERROR;
				CLANG_WARN_DOCUMENTATION_COMMENTS = YES;
				CLANG_WARN_EMPTY_BODY = YES;
				CLANG_WARN_ENUM_CONVERSION = YES;
				CLANG_WARN_INFINITE_RECURSION = YES;
				CLANG_WARN_INT_CONVERSION = YES;
				CLANG_WARN_OBJC_ROOT_CLASS = YES_ERROR;
				CLANG_WARN_SUSPICIOUS_MOVE = YES;
				CLANG_WARN_UNREACHABLE_CODE = YES;
				CLANG_WARN__DUPLICATE_METHOD_MATCH = YES;
				"CODE_SIGN_IDENTITY[sdk=iphoneos*]" = "iPhone Developer";
				COPY_PHASE_STRIP = NO;
				CURRENT_PROJECT_VERSION = 1;
				DEBUG_INFORMATION_FORMAT = "dwarf-with-dsym";
				ENABLE_NS_ASSERTIONS = NO;
				ENABLE_STRICT_OBJC_MSGSEND = YES;
				FRAMEWORK_SEARCH_PATHS = (
					"$(SDKROOT)",
					"$(inherited)",
				);
				GCC_C_LANGUAGE_STANDARD = gnu99;
				GCC_NO_COMMON_BLOCKS = YES;
				GCC_WARN_64_TO_32_BIT_CONVERSION = YES;
				GCC_WARN_ABOUT_RETURN_TYPE = YES_ERROR;
				GCC_WARN_UNDECLARED_SELECTOR = YES;
				GCC_WARN_UNINITIALIZED_AUTOS = YES_AGGRESSIVE;
				GCC_WARN_UNUSED_FUNCTION = YES;
				GCC_WARN_UNUSED_VARIABLE = YES;
				IPHONEOS_DEPLOYMENT_TARGET = 10.2;
				LD_RUNPATH_SEARCH_PATHS = "$(inherited) @executable_path/Frameworks @loader_path/Frameworks @executable_path/../Frameworks @loader_path/../Frameworks";
				MTL_ENABLE_DEBUG_INFO = NO;
				SDKROOT = iphoneos;
				SUPPORTED_PLATFORMS = "macosx iphoneos iphonesimulator";
				SWIFT_OPTIMIZATION_LEVEL = "-Owholemodule";
				TARGETED_DEVICE_FAMILY = "1,2";
				VALIDATE_PRODUCT = YES;
				VALID_ARCHS = "arm64 armv7 armv7s i386 x86_64";
				VERSIONING_SYSTEM = "apple-generic";
				VERSION_INFO_PREFIX = "";
			};
			name = Release;
		};
		956A86F91E36B24100E2B6D7 /* Debug */ = {
			isa = XCBuildConfiguration;
			buildSettings = {
				CLANG_ENABLE_MODULES = YES;
				CODE_SIGN_IDENTITY = "";
				DEFINES_MODULE = YES;
				DEVELOPMENT_TEAM = "";
				DYLIB_COMPATIBILITY_VERSION = 1;
				DYLIB_CURRENT_VERSION = 1;
				DYLIB_INSTALL_NAME_BASE = "@rpath";
				INFOPLIST_FILE = "$(SRCROOT)/Source/Info.plist";
				INSTALL_PATH = "$(LOCAL_LIBRARY_DIR)/Frameworks";
				LD_RUNPATH_SEARCH_PATHS = "$(inherited) @executable_path/Frameworks @loader_path/Frameworks";
				PRODUCT_BUNDLE_IDENTIFIER = me.nikolaykim.fut;
				PRODUCT_NAME = "$(TARGET_NAME)";
				SKIP_INSTALL = YES;
				SWIFT_OPTIMIZATION_LEVEL = "-Onone";
				SWIFT_VERSION = 3.0;
				TARGETED_DEVICE_FAMILY = "1,2";
			};
			name = Debug;
		};
		956A86FA1E36B24100E2B6D7 /* Release */ = {
			isa = XCBuildConfiguration;
			buildSettings = {
				CLANG_ENABLE_MODULES = YES;
				CODE_SIGN_IDENTITY = "";
				DEFINES_MODULE = YES;
				DEVELOPMENT_TEAM = "";
				DYLIB_COMPATIBILITY_VERSION = 1;
				DYLIB_CURRENT_VERSION = 1;
				DYLIB_INSTALL_NAME_BASE = "@rpath";
				INFOPLIST_FILE = "$(SRCROOT)/Source/Info.plist";
				INSTALL_PATH = "$(LOCAL_LIBRARY_DIR)/Frameworks";
				LD_RUNPATH_SEARCH_PATHS = "$(inherited) @executable_path/Frameworks @loader_path/Frameworks";
				PRODUCT_BUNDLE_IDENTIFIER = me.nikolaykim.fut;
				PRODUCT_NAME = "$(TARGET_NAME)";
				SKIP_INSTALL = YES;
				SWIFT_VERSION = 3.0;
				TARGETED_DEVICE_FAMILY = "1,2";
			};
			name = Release;
		};
		956A86FC1E36B24100E2B6D7 /* Debug */ = {
			isa = XCBuildConfiguration;
			buildSettings = {
				ALWAYS_EMBED_SWIFT_STANDARD_LIBRARIES = YES;
				DEVELOPMENT_TEAM = "";
				INFOPLIST_FILE = Tests/Info.plist;
				LD_RUNPATH_SEARCH_PATHS = "$(inherited) @executable_path/Frameworks @loader_path/Frameworks";
				PRODUCT_BUNDLE_IDENTIFIER = com.nkim.deferTests;
				PRODUCT_NAME = "$(TARGET_NAME)";
				SWIFT_VERSION = 3.0;
			};
			name = Debug;
		};
		956A86FD1E36B24100E2B6D7 /* Release */ = {
			isa = XCBuildConfiguration;
			buildSettings = {
				ALWAYS_EMBED_SWIFT_STANDARD_LIBRARIES = YES;
				DEVELOPMENT_TEAM = "";
				INFOPLIST_FILE = Tests/Info.plist;
				LD_RUNPATH_SEARCH_PATHS = "$(inherited) @executable_path/Frameworks @loader_path/Frameworks";
				PRODUCT_BUNDLE_IDENTIFIER = com.nkim.deferTests;
				PRODUCT_NAME = "$(TARGET_NAME)";
				SWIFT_VERSION = 3.0;
			};
			name = Release;
		};
/* End XCBuildConfiguration section */

/* Begin XCConfigurationList section */
		956A86DE1E36B24000E2B6D7 /* Build configuration list for PBXProject "fut" */ = {
			isa = XCConfigurationList;
			buildConfigurations = (
				956A86F61E36B24100E2B6D7 /* Debug */,
				956A86F71E36B24100E2B6D7 /* Release */,
			);
			defaultConfigurationIsVisible = 0;
			defaultConfigurationName = Release;
		};
		956A86F81E36B24100E2B6D7 /* Build configuration list for PBXNativeTarget "fut" */ = {
			isa = XCConfigurationList;
			buildConfigurations = (
				956A86F91E36B24100E2B6D7 /* Debug */,
				956A86FA1E36B24100E2B6D7 /* Release */,
			);
			defaultConfigurationIsVisible = 0;
			defaultConfigurationName = Release;
		};
		956A86FB1E36B24100E2B6D7 /* Build configuration list for PBXNativeTarget "futTests" */ = {
			isa = XCConfigurationList;
			buildConfigurations = (
				956A86FC1E36B24100E2B6D7 /* Debug */,
				956A86FD1E36B24100E2B6D7 /* Release */,
			);
			defaultConfigurationIsVisible = 0;
			defaultConfigurationName = Release;
		};
/* End XCConfigurationList section */
	};
	rootObject = 956A86DB1E36B24000E2B6D7 /* Project object */;
}
